
Microsoft Visual Studio Solution File, Format Version 12.00
# Visual Studio Version 17
VisualStudioVersion = 17.12.35209.166
MinimumVisualStudioVersion = 10.0.40219.1
Project("{FAE04EC0-301F-11D3-BF4B-00C04F79EFBC}") = "Match", "src\Match\Match.csproj", "{FC5D8EAB-0296-4879-880D-3814CC1B8FD0}"
EndProject
Project("{2150E333-8FDC-42A3-9474-1A3956D46DE8}") = "src", "src", "{7C0D7F91-A93D-4349-B152-D818FF14CB9F}"
EndProject
Project("{2150E333-8FDC-42A3-9474-1A3956D46DE8}") = "test", "test", "{EA3CD03B-5D8D-4634-A662-472F8501482A}"
EndProject
Project("{FAE04EC0-301F-11D3-BF4B-00C04F79EFBC}") = "Match.Test", "test\Match.Test\Match.Test.csproj", "{24FE90EF-D5C5-4582-96B2-F73764513BBF}"
EndProject
Global
	GlobalSection(SolutionConfigurationPlatforms) = preSolution
		Debug|Any CPU = Debug|Any CPU
		Release|Any CPU = Release|Any CPU
	EndGlobalSection
	GlobalSection(ProjectConfigurationPlatforms) = postSolution
		{FC5D8EAB-0296-4879-880D-3814CC1B8FD0}.Debug|Any CPU.ActiveCfg = Debug|Any CPU
		{FC5D8EAB-0296-4879-880D-3814CC1B8FD0}.Debug|Any CPU.Build.0 = Debug|Any CPU
		{FC5D8EAB-0296-4879-880D-3814CC1B8FD0}.Release|Any CPU.ActiveCfg = Release|Any CPU
		{FC5D8EAB-0296-4879-880D-3814CC1B8FD0}.Release|Any CPU.Build.0 = Release|Any CPU
		{24FE90EF-D5C5-4582-96B2-F73764513BBF}.Debug|Any CPU.ActiveCfg = Debug|Any CPU
		{24FE90EF-D5C5-4582-96B2-F73764513BBF}.Debug|Any CPU.Build.0 = Debug|Any CPU
		{24FE90EF-D5C5-4582-96B2-F73764513BBF}.Release|Any CPU.ActiveCfg = Release|Any CPU
		{24FE90EF-D5C5-4582-96B2-F73764513BBF}.Release|Any CPU.Build.0 = Release|Any CPU
	EndGlobalSection
	GlobalSection(SolutionProperties) = preSolution
		HideSolutionNode = FALSE
	EndGlobalSection
	GlobalSection(NestedProjects) = preSolution
		{FC5D8EAB-0296-4879-880D-3814CC1B8FD0} = {7C0D7F91-A93D-4349-B152-D818FF14CB9F}
		{24FE90EF-D5C5-4582-96B2-F73764513BBF} = {EA3CD03B-5D8D-4634-A662-472F8501482A}
	EndGlobalSection
	GlobalSection(ExtensibilityGlobals) = postSolution
		SolutionGuid = {B0D30975-EC51-471E-A069-393EF8AFB242}
	EndGlobalSection
EndGlobal
